// !$*UTF8*$!
{
	archiveVersion = 1;
	classes = {
	};
	objectVersion = 50;
	objects = {

/* Begin PBXBuildFile section */
		E409CF6E2660998300919F73 /* MovieBackdropCard.swift in Sources */ = {isa = PBXBuildFile; fileRef = E409CF6D2660998300919F73 /* MovieBackdropCard.swift */; };
		E47E33DD2660A8E20059CF6D /* MovieBackdropCarouselView.swift in Sources */ = {isa = PBXBuildFile; fileRef = E47E33DC2660A8E20059CF6D /* MovieBackdropCarouselView.swift */; };
		E47E33DF2660AB620059CF6D /* MoviePosterCard.swift in Sources */ = {isa = PBXBuildFile; fileRef = E47E33DE2660AB620059CF6D /* MoviePosterCard.swift */; };
		E47E33E12660AC130059CF6D /* MoviePosterCarouselView.swift in Sources */ = {isa = PBXBuildFile; fileRef = E47E33E02660AC130059CF6D /* MoviePosterCarouselView.swift */; };
		E47E33E32660AC5E0059CF6D /* MovieListView.swift in Sources */ = {isa = PBXBuildFile; fileRef = E47E33E22660AC5E0059CF6D /* MovieListView.swift */; };
		E47E33E52660AC8F0059CF6D /* MovieListState.swift in Sources */ = {isa = PBXBuildFile; fileRef = E47E33E42660AC8F0059CF6D /* MovieListState.swift */; };
		E47E33E82660AD0E0059CF6D /* ActivityIndicatorView.swift in Sources */ = {isa = PBXBuildFile; fileRef = E47E33E72660AD0E0059CF6D /* ActivityIndicatorView.swift */; };
		E47E33EA2660AD6B0059CF6D /* LoadingView.swift in Sources */ = {isa = PBXBuildFile; fileRef = E47E33E92660AD6A0059CF6D /* LoadingView.swift */; };
		E47E33EC2660AEC20059CF6D /* MovieDetailView.swift in Sources */ = {isa = PBXBuildFile; fileRef = E47E33EB2660AEC20059CF6D /* MovieDetailView.swift */; };
		E47E33EE2660AF1C0059CF6D /* MovieDetailState.swift in Sources */ = {isa = PBXBuildFile; fileRef = E47E33ED2660AF1C0059CF6D /* MovieDetailState.swift */; };
		E47E33F02660B01A0059CF6D /* SafariView.swift in Sources */ = {isa = PBXBuildFile; fileRef = E47E33EF2660B01A0059CF6D /* SafariView.swift */; };
		E47E33F22660B0820059CF6D /* MovieSearchView.swift in Sources */ = {isa = PBXBuildFile; fileRef = E47E33F12660B0820059CF6D /* MovieSearchView.swift */; };
		E47E33F42660B0F00059CF6D /* MovieSearchState.swift in Sources */ = {isa = PBXBuildFile; fileRef = E47E33F32660B0F00059CF6D /* MovieSearchState.swift */; };
		E47E33F62660B1110059CF6D /* SearchBar.swift in Sources */ = {isa = PBXBuildFile; fileRef = E47E33F52660B1110059CF6D /* SearchBar.swift */; };
		E4BA1C36265CA06900487968 /* MovieAppApp.swift in Sources */ = {isa = PBXBuildFile; fileRef = E4BA1C35265CA06900487968 /* MovieAppApp.swift */; };
		E4BA1C38265CA06900487968 /* ContentView.swift in Sources */ = {isa = PBXBuildFile; fileRef = E4BA1C37265CA06900487968 /* ContentView.swift */; };
		E4BA1C3A265CA07900487968 /* Assets.xcassets in Resources */ = {isa = PBXBuildFile; fileRef = E4BA1C39265CA07900487968 /* Assets.xcassets */; };
		E4BA1C3D265CA07900487968 /* Preview Assets.xcassets in Resources */ = {isa = PBXBuildFile; fileRef = E4BA1C3C265CA07900487968 /* Preview Assets.xcassets */; };
		E4BA1C48265CA07B00487968 /* MovieAppTests.swift in Sources */ = {isa = PBXBuildFile; fileRef = E4BA1C47265CA07B00487968 /* MovieAppTests.swift */; };
		E4BA1C53265CA07B00487968 /* MovieAppUITests.swift in Sources */ = {isa = PBXBuildFile; fileRef = E4BA1C52265CA07B00487968 /* MovieAppUITests.swift */; };
		E4BA1C63265CA18000487968 /* Movie.swift in Sources */ = {isa = PBXBuildFile; fileRef = E4BA1C62265CA18000487968 /* Movie.swift */; };
		E4BA1C66265CA30800487968 /* MovieService.swift in Sources */ = {isa = PBXBuildFile; fileRef = E4BA1C65265CA30800487968 /* MovieService.swift */; };
		E4BA1C69265CA7BD00487968 /* MovieStore.swift in Sources */ = {isa = PBXBuildFile; fileRef = E4BA1C68265CA7BD00487968 /* MovieStore.swift */; };
		E4BA1C6B265DF39B00487968 /* Ultils.swift in Sources */ = {isa = PBXBuildFile; fileRef = E4BA1C6A265DF39B00487968 /* Ultils.swift */; };
		E4BECE65265F4482009D1472 /* Movie+Stub.swift in Sources */ = {isa = PBXBuildFile; fileRef = E4BECE64265F4481009D1472 /* Movie+Stub.swift */; };
		E4F7116A2660972900AF6DF4 /* movie_list.json in Resources */ = {isa = PBXBuildFile; fileRef = E4F711672660972900AF6DF4 /* movie_list.json */; };
		E4F7116B2660972900AF6DF4 /* movie_info.json in Resources */ = {isa = PBXBuildFile; fileRef = E4F711682660972900AF6DF4 /* movie_info.json */; };
		E4F7116C2660972900AF6DF4 /* search_movie.json in Resources */ = {isa = PBXBuildFile; fileRef = E4F711692660972900AF6DF4 /* search_movie.json */; };
		E4F711722660982E00AF6DF4 /* ImageLoader.swift in Sources */ = {isa = PBXBuildFile; fileRef = E4F711712660982E00AF6DF4 /* ImageLoader.swift */; };
/* End PBXBuildFile section */

/* Begin PBXContainerItemProxy section */
		E4BA1C44265CA07B00487968 /* PBXContainerItemProxy */ = {
			isa = PBXContainerItemProxy;
			containerPortal = E4BA1C2A265CA06900487968 /* Project object */;
			proxyType = 1;
			remoteGlobalIDString = E4BA1C31265CA06900487968;
			remoteInfo = MovieApp;
		};
		E4BA1C4F265CA07B00487968 /* PBXContainerItemProxy */ = {
			isa = PBXContainerItemProxy;
			containerPortal = E4BA1C2A265CA06900487968 /* Project object */;
			proxyType = 1;
			remoteGlobalIDString = E4BA1C31265CA06900487968;
			remoteInfo = MovieApp;
		};
/* End PBXContainerItemProxy section */

/* Begin PBXFileReference section */
		E409CF6D2660998300919F73 /* MovieBackdropCard.swift */ = {isa = PBXFileReference; lastKnownFileType = sourcecode.swift; path = MovieBackdropCard.swift; sourceTree = "<group>"; };
		E47E33DC2660A8E20059CF6D /* MovieBackdropCarouselView.swift */ = {isa = PBXFileReference; lastKnownFileType = sourcecode.swift; path = MovieBackdropCarouselView.swift; sourceTree = "<group>"; };
		E47E33DE2660AB620059CF6D /* MoviePosterCard.swift */ = {isa = PBXFileReference; lastKnownFileType = sourcecode.swift; path = MoviePosterCard.swift; sourceTree = "<group>"; };
		E47E33E02660AC130059CF6D /* MoviePosterCarouselView.swift */ = {isa = PBXFileReference; lastKnownFileType = sourcecode.swift; path = MoviePosterCarouselView.swift; sourceTree = "<group>"; };
		E47E33E22660AC5E0059CF6D /* MovieListView.swift */ = {isa = PBXFileReference; lastKnownFileType = sourcecode.swift; path = MovieListView.swift; sourceTree = "<group>"; };
		E47E33E42660AC8F0059CF6D /* MovieListState.swift */ = {isa = PBXFileReference; lastKnownFileType = sourcecode.swift; path = MovieListState.swift; sourceTree = "<group>"; };
		E47E33E72660AD0E0059CF6D /* ActivityIndicatorView.swift */ = {isa = PBXFileReference; lastKnownFileType = sourcecode.swift; path = ActivityIndicatorView.swift; sourceTree = "<group>"; };
		E47E33E92660AD6A0059CF6D /* LoadingView.swift */ = {isa = PBXFileReference; lastKnownFileType = sourcecode.swift; path = LoadingView.swift; sourceTree = "<group>"; };
		E47E33EB2660AEC20059CF6D /* MovieDetailView.swift */ = {isa = PBXFileReference; lastKnownFileType = sourcecode.swift; path = MovieDetailView.swift; sourceTree = "<group>"; };
		E47E33ED2660AF1C0059CF6D /* MovieDetailState.swift */ = {isa = PBXFileReference; lastKnownFileType = sourcecode.swift; path = MovieDetailState.swift; sourceTree = "<group>"; };
		E47E33EF2660B01A0059CF6D /* SafariView.swift */ = {isa = PBXFileReference; lastKnownFileType = sourcecode.swift; path = SafariView.swift; sourceTree = "<group>"; };
		E47E33F12660B0820059CF6D /* MovieSearchView.swift */ = {isa = PBXFileReference; lastKnownFileType = sourcecode.swift; path = MovieSearchView.swift; sourceTree = "<group>"; };
		E47E33F32660B0F00059CF6D /* MovieSearchState.swift */ = {isa = PBXFileReference; lastKnownFileType = sourcecode.swift; path = MovieSearchState.swift; sourceTree = "<group>"; };
		E47E33F52660B1110059CF6D /* SearchBar.swift */ = {isa = PBXFileReference; lastKnownFileType = sourcecode.swift; path = SearchBar.swift; sourceTree = "<group>"; };
		E4BA1C32265CA06900487968 /* MovieApp.app */ = {isa = PBXFileReference; explicitFileType = wrapper.application; includeInIndex = 0; path = MovieApp.app; sourceTree = BUILT_PRODUCTS_DIR; };
		E4BA1C35265CA06900487968 /* MovieAppApp.swift */ = {isa = PBXFileReference; lastKnownFileType = sourcecode.swift; path = MovieAppApp.swift; sourceTree = "<group>"; };
		E4BA1C37265CA06900487968 /* ContentView.swift */ = {isa = PBXFileReference; lastKnownFileType = sourcecode.swift; path = ContentView.swift; sourceTree = "<group>"; };
		E4BA1C39265CA07900487968 /* Assets.xcassets */ = {isa = PBXFileReference; lastKnownFileType = folder.assetcatalog; path = Assets.xcassets; sourceTree = "<group>"; };
		E4BA1C3C265CA07900487968 /* Preview Assets.xcassets */ = {isa = PBXFileReference; lastKnownFileType = folder.assetcatalog; path = "Preview Assets.xcassets"; sourceTree = "<group>"; };
		E4BA1C3E265CA07900487968 /* Info.plist */ = {isa = PBXFileReference; lastKnownFileType = text.plist.xml; path = Info.plist; sourceTree = "<group>"; };
		E4BA1C43265CA07B00487968 /* MovieAppTests.xctest */ = {isa = PBXFileReference; explicitFileType = wrapper.cfbundle; includeInIndex = 0; path = MovieAppTests.xctest; sourceTree = BUILT_PRODUCTS_DIR; };
		E4BA1C47265CA07B00487968 /* MovieAppTests.swift */ = {isa = PBXFileReference; lastKnownFileType = sourcecode.swift; path = MovieAppTests.swift; sourceTree = "<group>"; };
		E4BA1C49265CA07B00487968 /* Info.plist */ = {isa = PBXFileReference; lastKnownFileType = text.plist.xml; path = Info.plist; sourceTree = "<group>"; };
		E4BA1C4E265CA07B00487968 /* MovieAppUITests.xctest */ = {isa = PBXFileReference; explicitFileType = wrapper.cfbundle; includeInIndex = 0; path = MovieAppUITests.xctest; sourceTree = BUILT_PRODUCTS_DIR; };
		E4BA1C52265CA07B00487968 /* MovieAppUITests.swift */ = {isa = PBXFileReference; lastKnownFileType = sourcecode.swift; path = MovieAppUITests.swift; sourceTree = "<group>"; };
		E4BA1C54265CA07B00487968 /* Info.plist */ = {isa = PBXFileReference; lastKnownFileType = text.plist.xml; path = Info.plist; sourceTree = "<group>"; };
		E4BA1C62265CA18000487968 /* Movie.swift */ = {isa = PBXFileReference; lastKnownFileType = sourcecode.swift; path = Movie.swift; sourceTree = "<group>"; };
		E4BA1C65265CA30800487968 /* MovieService.swift */ = {isa = PBXFileReference; lastKnownFileType = sourcecode.swift; path = MovieService.swift; sourceTree = "<group>"; };
		E4BA1C68265CA7BD00487968 /* MovieStore.swift */ = {isa = PBXFileReference; lastKnownFileType = sourcecode.swift; path = MovieStore.swift; sourceTree = "<group>"; };
		E4BA1C6A265DF39B00487968 /* Ultils.swift */ = {isa = PBXFileReference; lastKnownFileType = sourcecode.swift; path = Ultils.swift; sourceTree = "<group>"; };
		E4BECE64265F4481009D1472 /* Movie+Stub.swift */ = {isa = PBXFileReference; lastKnownFileType = sourcecode.swift; path = "Movie+Stub.swift"; sourceTree = "<group>"; };
		E4F711672660972900AF6DF4 /* movie_list.json */ = {isa = PBXFileReference; fileEncoding = 4; lastKnownFileType = text.json; path = movie_list.json; sourceTree = "<group>"; };
		E4F711682660972900AF6DF4 /* movie_info.json */ = {isa = PBXFileReference; fileEncoding = 4; lastKnownFileType = text.json; path = movie_info.json; sourceTree = "<group>"; };
		E4F711692660972900AF6DF4 /* search_movie.json */ = {isa = PBXFileReference; fileEncoding = 4; lastKnownFileType = text.json; path = search_movie.json; sourceTree = "<group>"; };
		E4F711712660982E00AF6DF4 /* ImageLoader.swift */ = {isa = PBXFileReference; lastKnownFileType = sourcecode.swift; path = ImageLoader.swift; sourceTree = "<group>"; };
/* End PBXFileReference section */

/* Begin PBXFrameworksBuildPhase section */
		E4BA1C2F265CA06900487968 /* Frameworks */ = {
			isa = PBXFrameworksBuildPhase;
			buildActionMask = 2147483647;
			files = (
			);
			runOnlyForDeploymentPostprocessing = 0;
		};
		E4BA1C40265CA07B00487968 /* Frameworks */ = {
			isa = PBXFrameworksBuildPhase;
			buildActionMask = 2147483647;
			files = (
			);
			runOnlyForDeploymentPostprocessing = 0;
		};
		E4BA1C4B265CA07B00487968 /* Frameworks */ = {
			isa = PBXFrameworksBuildPhase;
			buildActionMask = 2147483647;
			files = (
			);
			runOnlyForDeploymentPostprocessing = 0;
		};
/* End PBXFrameworksBuildPhase section */

/* Begin PBXGroup section */
		E47E33E62660ACD20059CF6D /* UIKitViewa */ = {
			isa = PBXGroup;
			children = (
				E47E33E72660AD0E0059CF6D /* ActivityIndicatorView.swift */,
				E47E33EF2660B01A0059CF6D /* SafariView.swift */,
				E47E33F52660B1110059CF6D /* SearchBar.swift */,
			);
			path = UIKitViewa;
			sourceTree = "<group>";
		};
		E4BA1C29265CA06900487968 = {
			isa = PBXGroup;
			children = (
				E4BA1C34265CA06900487968 /* MovieApp */,
				E4BA1C46265CA07B00487968 /* MovieAppTests */,
				E4BA1C51265CA07B00487968 /* MovieAppUITests */,
				E4BA1C33265CA06900487968 /* Products */,
			);
			sourceTree = "<group>";
		};
		E4BA1C33265CA06900487968 /* Products */ = {
			isa = PBXGroup;
			children = (
				E4BA1C32265CA06900487968 /* MovieApp.app */,
				E4BA1C43265CA07B00487968 /* MovieAppTests.xctest */,
				E4BA1C4E265CA07B00487968 /* MovieAppUITests.xctest */,
			);
			name = Products;
			sourceTree = "<group>";
		};
		E4BA1C34265CA06900487968 /* MovieApp */ = {
			isa = PBXGroup;
			children = (
				E4F711702660980500AF6DF4 /* Bindings */,
				E4F7116D266097AB00AF6DF4 /* Views */,
				E4BECE68265F4A88009D1472 /* Resources */,
				E4BA1C64265CA2E800487968 /* Services */,
				E4BA1C61265CA14000487968 /* Models */,
				E4BA1C35265CA06900487968 /* MovieAppApp.swift */,
				E4BA1C37265CA06900487968 /* ContentView.swift */,
				E4BA1C6A265DF39B00487968 /* Ultils.swift */,
				E4BA1C39265CA07900487968 /* Assets.xcassets */,
				E4BA1C3E265CA07900487968 /* Info.plist */,
				E4BA1C3B265CA07900487968 /* Preview Content */,
			);
			path = MovieApp;
			sourceTree = "<group>";
		};
		E4BA1C3B265CA07900487968 /* Preview Content */ = {
			isa = PBXGroup;
			children = (
				E4BA1C3C265CA07900487968 /* Preview Assets.xcassets */,
			);
			path = "Preview Content";
			sourceTree = "<group>";
		};
		E4BA1C46265CA07B00487968 /* MovieAppTests */ = {
			isa = PBXGroup;
			children = (
				E4BA1C47265CA07B00487968 /* MovieAppTests.swift */,
				E4BA1C49265CA07B00487968 /* Info.plist */,
			);
			path = MovieAppTests;
			sourceTree = "<group>";
		};
		E4BA1C51265CA07B00487968 /* MovieAppUITests */ = {
			isa = PBXGroup;
			children = (
				E4BA1C52265CA07B00487968 /* MovieAppUITests.swift */,
				E4BA1C54265CA07B00487968 /* Info.plist */,
			);
			path = MovieAppUITests;
			sourceTree = "<group>";
		};
		E4BA1C61265CA14000487968 /* Models */ = {
			isa = PBXGroup;
			children = (
				E4BA1C62265CA18000487968 /* Movie.swift */,
				E4BECE64265F4481009D1472 /* Movie+Stub.swift */,
			);
			path = Models;
			sourceTree = "<group>";
		};
		E4BA1C64265CA2E800487968 /* Services */ = {
			isa = PBXGroup;
			children = (
				E4BA1C65265CA30800487968 /* MovieService.swift */,
				E4BA1C68265CA7BD00487968 /* MovieStore.swift */,
			);
			path = Services;
			sourceTree = "<group>";
		};
		E4BECE68265F4A88009D1472 /* Resources */ = {
			isa = PBXGroup;
			children = (
				E4F711682660972900AF6DF4 /* movie_info.json */,
				E4F711672660972900AF6DF4 /* movie_list.json */,
				E4F711692660972900AF6DF4 /* search_movie.json */,
			);
			path = Resources;
			sourceTree = "<group>";
		};
		E4F7116D266097AB00AF6DF4 /* Views */ = {
			isa = PBXGroup;
			children = (
				E47E33E62660ACD20059CF6D /* UIKitViewa */,
				E409CF6D2660998300919F73 /* MovieBackdropCard.swift */,
				E47E33DC2660A8E20059CF6D /* MovieBackdropCarouselView.swift */,
				E47E33DE2660AB620059CF6D /* MoviePosterCard.swift */,
				E47E33E02660AC130059CF6D /* MoviePosterCarouselView.swift */,
				E47E33E22660AC5E0059CF6D /* MovieListView.swift */,
				E47E33E92660AD6A0059CF6D /* LoadingView.swift */,
				E47E33EB2660AEC20059CF6D /* MovieDetailView.swift */,
				E47E33F12660B0820059CF6D /* MovieSearchView.swift */,
			);
			path = Views;
			sourceTree = "<group>";
		};
		E4F711702660980500AF6DF4 /* Bindings */ = {
			isa = PBXGroup;
			children = (
				E4F711712660982E00AF6DF4 /* ImageLoader.swift */,
				E47E33E42660AC8F0059CF6D /* MovieListState.swift */,
				E47E33ED2660AF1C0059CF6D /* MovieDetailState.swift */,
				E47E33F32660B0F00059CF6D /* MovieSearchState.swift */,
			);
			path = Bindings;
			sourceTree = "<group>";
		};
/* End PBXGroup section */

/* Begin PBXNativeTarget section */
		E4BA1C31265CA06900487968 /* MovieApp */ = {
			isa = PBXNativeTarget;
			buildConfigurationList = E4BA1C57265CA07B00487968 /* Build configuration list for PBXNativeTarget "MovieApp" */;
			buildPhases = (
				E4BA1C2E265CA06900487968 /* Sources */,
				E4BA1C2F265CA06900487968 /* Frameworks */,
				E4BA1C30265CA06900487968 /* Resources */,
			);
			buildRules = (
			);
			dependencies = (
			);
			name = MovieApp;
			productName = MovieApp;
			productReference = E4BA1C32265CA06900487968 /* MovieApp.app */;
			productType = "com.apple.product-type.application";
		};
		E4BA1C42265CA07B00487968 /* MovieAppTests */ = {
			isa = PBXNativeTarget;
			buildConfigurationList = E4BA1C5A265CA07B00487968 /* Build configuration list for PBXNativeTarget "MovieAppTests" */;
			buildPhases = (
				E4BA1C3F265CA07B00487968 /* Sources */,
				E4BA1C40265CA07B00487968 /* Frameworks */,
				E4BA1C41265CA07B00487968 /* Resources */,
			);
			buildRules = (
			);
			dependencies = (
				E4BA1C45265CA07B00487968 /* PBXTargetDependency */,
			);
			name = MovieAppTests;
			productName = MovieAppTests;
			productReference = E4BA1C43265CA07B00487968 /* MovieAppTests.xctest */;
			productType = "com.apple.product-type.bundle.unit-test";
		};
		E4BA1C4D265CA07B00487968 /* MovieAppUITests */ = {
			isa = PBXNativeTarget;
			buildConfigurationList = E4BA1C5D265CA07B00487968 /* Build configuration list for PBXNativeTarget "MovieAppUITests" */;
			buildPhases = (
				E4BA1C4A265CA07B00487968 /* Sources */,
				E4BA1C4B265CA07B00487968 /* Frameworks */,
				E4BA1C4C265CA07B00487968 /* Resources */,
			);
			buildRules = (
			);
			dependencies = (
				E4BA1C50265CA07B00487968 /* PBXTargetDependency */,
			);
			name = MovieAppUITests;
			productName = MovieAppUITests;
			productReference = E4BA1C4E265CA07B00487968 /* MovieAppUITests.xctest */;
			productType = "com.apple.product-type.bundle.ui-testing";
		};
/* End PBXNativeTarget section */

/* Begin PBXProject section */
		E4BA1C2A265CA06900487968 /* Project object */ = {
			isa = PBXProject;
			attributes = {
				LastSwiftUpdateCheck = 1250;
				LastUpgradeCheck = 1250;
				TargetAttributes = {
					E4BA1C31265CA06900487968 = {
						CreatedOnToolsVersion = 12.5;
					};
					E4BA1C42265CA07B00487968 = {
						CreatedOnToolsVersion = 12.5;
						TestTargetID = E4BA1C31265CA06900487968;
					};
					E4BA1C4D265CA07B00487968 = {
						CreatedOnToolsVersion = 12.5;
						TestTargetID = E4BA1C31265CA06900487968;
					};
				};
			};
			buildConfigurationList = E4BA1C2D265CA06900487968 /* Build configuration list for PBXProject "MovieApp" */;
			compatibilityVersion = "Xcode 9.3";
			developmentRegion = en;
			hasScannedForEncodings = 0;
			knownRegions = (
				en,
				Base,
			);
			mainGroup = E4BA1C29265CA06900487968;
			productRefGroup = E4BA1C33265CA06900487968 /* Products */;
			projectDirPath = "";
			projectRoot = "";
			targets = (
				E4BA1C31265CA06900487968 /* MovieApp */,
				E4BA1C42265CA07B00487968 /* MovieAppTests */,
				E4BA1C4D265CA07B00487968 /* MovieAppUITests */,
			);
		};
/* End PBXProject section */

/* Begin PBXResourcesBuildPhase section */
		E4BA1C30265CA06900487968 /* Resources */ = {
			isa = PBXResourcesBuildPhase;
			buildActionMask = 2147483647;
			files = (
				E4BA1C3D265CA07900487968 /* Preview Assets.xcassets in Resources */,
				E4F7116A2660972900AF6DF4 /* movie_list.json in Resources */,
				E4F7116B2660972900AF6DF4 /* movie_info.json in Resources */,
				E4F7116C2660972900AF6DF4 /* search_movie.json in Resources */,
				E4BA1C3A265CA07900487968 /* Assets.xcassets in Resources */,
			);
			runOnlyForDeploymentPostprocessing = 0;
		};
		E4BA1C41265CA07B00487968 /* Resources */ = {
			isa = PBXResourcesBuildPhase;
			buildActionMask = 2147483647;
			files = (
			);
			runOnlyForDeploymentPostprocessing = 0;
		};
		E4BA1C4C265CA07B00487968 /* Resources */ = {
			isa = PBXResourcesBuildPhase;
			buildActionMask = 2147483647;
			files = (
			);
			runOnlyForDeploymentPostprocessing = 0;
		};
/* End PBXResourcesBuildPhase section */

/* Begin PBXSourcesBuildPhase section */
		E4BA1C2E265CA06900487968 /* Sources */ = {
			isa = PBXSourcesBuildPhase;
			buildActionMask = 2147483647;
			files = (
				E4BA1C38265CA06900487968 /* ContentView.swift in Sources */,
				E4BA1C36265CA06900487968 /* MovieAppApp.swift in Sources */,
				E4BA1C66265CA30800487968 /* MovieService.swift in Sources */,
				E47E33EE2660AF1C0059CF6D /* MovieDetailState.swift in Sources */,
				E47E33DD2660A8E20059CF6D /* MovieBackdropCarouselView.swift in Sources */,
				E47E33F22660B0820059CF6D /* MovieSearchView.swift in Sources */,
				E47E33DF2660AB620059CF6D /* MoviePosterCard.swift in Sources */,
				E47E33EA2660AD6B0059CF6D /* LoadingView.swift in Sources */,
				E4BECE65265F4482009D1472 /* Movie+Stub.swift in Sources */,
				E47E33F62660B1110059CF6D /* SearchBar.swift in Sources */,
				E47E33E82660AD0E0059CF6D /* ActivityIndicatorView.swift in Sources */,
				E47E33E52660AC8F0059CF6D /* MovieListState.swift in Sources */,
				E47E33E12660AC130059CF6D /* MoviePosterCarouselView.swift in Sources */,
				E4F711722660982E00AF6DF4 /* ImageLoader.swift in Sources */,
				E47E33F02660B01A0059CF6D /* SafariView.swift in Sources */,
				E409CF6E2660998300919F73 /* MovieBackdropCard.swift in Sources */,
				E47E33F42660B0F00059CF6D /* MovieSearchState.swift in Sources */,
				E4BA1C63265CA18000487968 /* Movie.swift in Sources */,
				E47E33E32660AC5E0059CF6D /* MovieListView.swift in Sources */,
				E47E33EC2660AEC20059CF6D /* MovieDetailView.swift in Sources */,
				E4BA1C6B265DF39B00487968 /* Ultils.swift in Sources */,
				E4BA1C69265CA7BD00487968 /* MovieStore.swift in Sources */,
			);
			runOnlyForDeploymentPostprocessing = 0;
		};
		E4BA1C3F265CA07B00487968 /* Sources */ = {
			isa = PBXSourcesBuildPhase;
			buildActionMask = 2147483647;
			files = (
				E4BA1C48265CA07B00487968 /* MovieAppTests.swift in Sources */,
			);
			runOnlyForDeploymentPostprocessing = 0;
		};
		E4BA1C4A265CA07B00487968 /* Sources */ = {
			isa = PBXSourcesBuildPhase;
			buildActionMask = 2147483647;
			files = (
				E4BA1C53265CA07B00487968 /* MovieAppUITests.swift in Sources */,
			);
			runOnlyForDeploymentPostprocessing = 0;
		};
/* End PBXSourcesBuildPhase section */

/* Begin PBXTargetDependency section */
		E4BA1C45265CA07B00487968 /* PBXTargetDependency */ = {
			isa = PBXTargetDependency;
			target = E4BA1C31265CA06900487968 /* MovieApp */;
			targetProxy = E4BA1C44265CA07B00487968 /* PBXContainerItemProxy */;
		};
		E4BA1C50265CA07B00487968 /* PBXTargetDependency */ = {
			isa = PBXTargetDependency;
			target = E4BA1C31265CA06900487968 /* MovieApp */;
			targetProxy = E4BA1C4F265CA07B00487968 /* PBXContainerItemProxy */;
		};
/* End PBXTargetDependency section */

/* Begin XCBuildConfiguration section */
		E4BA1C55265CA07B00487968 /* Debug */ = {
			isa = XCBuildConfiguration;
			buildSettings = {
				ALWAYS_SEARCH_USER_PATHS = NO;
				CLANG_ANALYZER_NONNULL = YES;
				CLANG_ANALYZER_NUMBER_OBJECT_CONVERSION = YES_AGGRESSIVE;
				CLANG_CXX_LANGUAGE_STANDARD = "gnu++14";
				CLANG_CXX_LIBRARY = "libc++";
				CLANG_ENABLE_MODULES = YES;
				CLANG_ENABLE_OBJC_ARC = YES;
				CLANG_ENABLE_OBJC_WEAK = YES;
				CLANG_WARN_BLOCK_CAPTURE_AUTORELEASING = YES;
				CLANG_WARN_BOOL_CONVERSION = YES;
				CLANG_WARN_COMMA = YES;
				CLANG_WARN_CONSTANT_CONVERSION = YES;
				CLANG_WARN_DEPRECATED_OBJC_IMPLEMENTATIONS = YES;
				CLANG_WARN_DIRECT_OBJC_ISA_USAGE = YES_ERROR;
				CLANG_WARN_DOCUMENTATION_COMMENTS = YES;
				CLANG_WARN_EMPTY_BODY = YES;
				CLANG_WARN_ENUM_CONVERSION = YES;
				CLANG_WARN_INFINITE_RECURSION = YES;
				CLANG_WARN_INT_CONVERSION = YES;
				CLANG_WARN_NON_LITERAL_NULL_CONVERSION = YES;
				CLANG_WARN_OBJC_IMPLICIT_RETAIN_SELF = YES;
				CLANG_WARN_OBJC_LITERAL_CONVERSION = YES;
				CLANG_WARN_OBJC_ROOT_CLASS = YES_ERROR;
				CLANG_WARN_QUOTED_INCLUDE_IN_FRAMEWORK_HEADER = YES;
				CLANG_WARN_RANGE_LOOP_ANALYSIS = YES;
				CLANG_WARN_STRICT_PROTOTYPES = YES;
				CLANG_WARN_SUSPICIOUS_MOVE = YES;
				CLANG_WARN_UNGUARDED_AVAILABILITY = YES_AGGRESSIVE;
				CLANG_WARN_UNREACHABLE_CODE = YES;
				CLANG_WARN__DUPLICATE_METHOD_MATCH = YES;
				COPY_PHASE_STRIP = NO;
				DEBUG_INFORMATION_FORMAT = dwarf;
				ENABLE_STRICT_OBJC_MSGSEND = YES;
				ENABLE_TESTABILITY = YES;
				GCC_C_LANGUAGE_STANDARD = gnu11;
				GCC_DYNAMIC_NO_PIC = NO;
				GCC_NO_COMMON_BLOCKS = YES;
				GCC_OPTIMIZATION_LEVEL = 0;
				GCC_PREPROCESSOR_DEFINITIONS = (
					"DEBUG=1",
					"$(inherited)",
				);
				GCC_WARN_64_TO_32_BIT_CONVERSION = YES;
				GCC_WARN_ABOUT_RETURN_TYPE = YES_ERROR;
				GCC_WARN_UNDECLARED_SELECTOR = YES;
				GCC_WARN_UNINITIALIZED_AUTOS = YES_AGGRESSIVE;
				GCC_WARN_UNUSED_FUNCTION = YES;
				GCC_WARN_UNUSED_VARIABLE = YES;
				IPHONEOS_DEPLOYMENT_TARGET = 14.5;
				MTL_ENABLE_DEBUG_INFO = INCLUDE_SOURCE;
				MTL_FAST_MATH = YES;
				ONLY_ACTIVE_ARCH = YES;
				SDKROOT = iphoneos;
				SWIFT_ACTIVE_COMPILATION_CONDITIONS = DEBUG;
				SWIFT_OPTIMIZATION_LEVEL = "-Onone";
			};
			name = Debug;
		};
		E4BA1C56265CA07B00487968 /* Release */ = {
			isa = XCBuildConfiguration;
			buildSettings = {
				ALWAYS_SEARCH_USER_PATHS = NO;
				CLANG_ANALYZER_NONNULL = YES;
				CLANG_ANALYZER_NUMBER_OBJECT_CONVERSION = YES_AGGRESSIVE;
				CLANG_CXX_LANGUAGE_STANDARD = "gnu++14";
				CLANG_CXX_LIBRARY = "libc++";
				CLANG_ENABLE_MODULES = YES;
				CLANG_ENABLE_OBJC_ARC = YES;
				CLANG_ENABLE_OBJC_WEAK = YES;
				CLANG_WARN_BLOCK_CAPTURE_AUTORELEASING = YES;
				CLANG_WARN_BOOL_CONVERSION = YES;
				CLANG_WARN_COMMA = YES;
				CLANG_WARN_CONSTANT_CONVERSION = YES;
				CLANG_WARN_DEPRECATED_OBJC_IMPLEMENTATIONS = YES;
				CLANG_WARN_DIRECT_OBJC_ISA_USAGE = YES_ERROR;
				CLANG_WARN_DOCUMENTATION_COMMENTS = YES;
				CLANG_WARN_EMPTY_BODY = YES;
				CLANG_WARN_ENUM_CONVERSION = YES;
				CLANG_WARN_INFINITE_RECURSION = YES;
				CLANG_WARN_INT_CONVERSION = YES;
				CLANG_WARN_NON_LITERAL_NULL_CONVERSION = YES;
				CLANG_WARN_OBJC_IMPLICIT_RETAIN_SELF = YES;
				CLANG_WARN_OBJC_LITERAL_CONVERSION = YES;
				CLANG_WARN_OBJC_ROOT_CLASS = YES_ERROR;
				CLANG_WARN_QUOTED_INCLUDE_IN_FRAMEWORK_HEADER = YES;
				CLANG_WARN_RANGE_LOOP_ANALYSIS = YES;
				CLANG_WARN_STRICT_PROTOTYPES = YES;
				CLANG_WARN_SUSPICIOUS_MOVE = YES;
				CLANG_WARN_UNGUARDED_AVAILABILITY = YES_AGGRESSIVE;
				CLANG_WARN_UNREACHABLE_CODE = YES;
				CLANG_WARN__DUPLICATE_METHOD_MATCH = YES;
				COPY_PHASE_STRIP = NO;
				DEBUG_INFORMATION_FORMAT = "dwarf-with-dsym";
				ENABLE_NS_ASSERTIONS = NO;
				ENABLE_STRICT_OBJC_MSGSEND = YES;
				GCC_C_LANGUAGE_STANDARD = gnu11;
				GCC_NO_COMMON_BLOCKS = YES;
				GCC_WARN_64_TO_32_BIT_CONVERSION = YES;
				GCC_WARN_ABOUT_RETURN_TYPE = YES_ERROR;
				GCC_WARN_UNDECLARED_SELECTOR = YES;
				GCC_WARN_UNINITIALIZED_AUTOS = YES_AGGRESSIVE;
				GCC_WARN_UNUSED_FUNCTION = YES;
				GCC_WARN_UNUSED_VARIABLE = YES;
				IPHONEOS_DEPLOYMENT_TARGET = 14.5;
				MTL_ENABLE_DEBUG_INFO = NO;
				MTL_FAST_MATH = YES;
				SDKROOT = iphoneos;
				SWIFT_COMPILATION_MODE = wholemodule;
				SWIFT_OPTIMIZATION_LEVEL = "-O";
				VALIDATE_PRODUCT = YES;
			};
			name = Release;
		};
		E4BA1C58265CA07B00487968 /* Debug */ = {
			isa = XCBuildConfiguration;
			buildSettings = {
				ASSETCATALOG_COMPILER_APPICON_NAME = AppIcon;
				ASSETCATALOG_COMPILER_GLOBAL_ACCENT_COLOR_NAME = AccentColor;
				CODE_SIGN_STYLE = Automatic;
				DEVELOPMENT_ASSET_PATHS = "\"MovieApp/Preview Content\"";
				DEVELOPMENT_TEAM = S5VXVGV6J3;
				ENABLE_PREVIEWS = YES;
				INFOPLIST_FILE = MovieApp/Info.plist;
				IPHONEOS_DEPLOYMENT_TARGET = 14.0;
				LD_RUNPATH_SEARCH_PATHS = (
					"$(inherited)",
					"@executable_path/Frameworks",
				);
				PRODUCT_BUNDLE_IDENTIFIER = pedro.leda.MovieApp;
				PRODUCT_NAME = "$(TARGET_NAME)";
				SWIFT_VERSION = 5.0;
				TARGETED_DEVICE_FAMILY = "1,2";
			};
			name = Debug;
		};
		E4BA1C59265CA07B00487968 /* Release */ = {
			isa = XCBuildConfiguration;
			buildSettings = {
				ASSETCATALOG_COMPILER_APPICON_NAME = AppIcon;
				ASSETCATALOG_COMPILER_GLOBAL_ACCENT_COLOR_NAME = AccentColor;
				CODE_SIGN_STYLE = Automatic;
				DEVELOPMENT_ASSET_PATHS = "\"MovieApp/Preview Content\"";
				DEVELOPMENT_TEAM = S5VXVGV6J3;
				ENABLE_PREVIEWS = YES;
				INFOPLIST_FILE = MovieApp/Info.plist;
				IPHONEOS_DEPLOYMENT_TARGET = 14.0;
				LD_RUNPATH_SEARCH_PATHS = (
					"$(inherited)",
					"@executable_path/Frameworks",
				);
				PRODUCT_BUNDLE_IDENTIFIER = pedro.leda.MovieApp;
				PRODUCT_NAME = "$(TARGET_NAME)";
				SWIFT_VERSION = 5.0;
				TARGETED_DEVICE_FAMILY = "1,2";
			};
			name = Release;
		};
		E4BA1C5B265CA07B00487968 /* Debug */ = {
			isa = XCBuildConfiguration;
			buildSettings = {
				ALWAYS_EMBED_SWIFT_STANDARD_LIBRARIES = YES;
				BUNDLE_LOADER = "$(TEST_HOST)";
				CODE_SIGN_STYLE = Automatic;
				DEVELOPMENT_TEAM = S5VXVGV6J3;
				INFOPLIST_FILE = MovieAppTests/Info.plist;
				IPHONEOS_DEPLOYMENT_TARGET = 14.0;
				LD_RUNPATH_SEARCH_PATHS = (
					"$(inherited)",
					"@executable_path/Frameworks",
					"@loader_path/Frameworks",
				);
				PRODUCT_BUNDLE_IDENTIFIER = pedro.leda.MovieAppTests;
				PRODUCT_NAME = "$(TARGET_NAME)";
				SWIFT_VERSION = 5.0;
				TARGETED_DEVICE_FAMILY = "1,2";
				TEST_HOST = "$(BUILT_PRODUCTS_DIR)/MovieApp.app/MovieApp";
			};
			name = Debug;
		};
		E4BA1C5C265CA07B00487968 /* Release */ = {
			isa = XCBuildConfiguration;
			buildSettings = {
				ALWAYS_EMBED_SWIFT_STANDARD_LIBRARIES = YES;
				BUNDLE_LOADER = "$(TEST_HOST)";
				CODE_SIGN_STYLE = Automatic;
				DEVELOPMENT_TEAM = S5VXVGV6J3;
				INFOPLIST_FILE = MovieAppTests/Info.plist;
				IPHONEOS_DEPLOYMENT_TARGET = 14.0;
				LD_RUNPATH_SEARCH_PATHS = (
					"$(inherited)",
					"@executable_path/Frameworks",
					"@loader_path/Frameworks",
				);
				PRODUCT_BUNDLE_IDENTIFIER = pedro.leda.MovieAppTests;
				PRODUCT_NAME = "$(TARGET_NAME)";
				SWIFT_VERSION = 5.0;
				TARGETED_DEVICE_FAMILY = "1,2";
				TEST_HOST = "$(BUILT_PRODUCTS_DIR)/MovieApp.app/MovieApp";
			};
			name = Release;
		};
		E4BA1C5E265CA07B00487968 /* Debug */ = {
			isa = XCBuildConfiguration;
			buildSettings = {
				ALWAYS_EMBED_SWIFT_STANDARD_LIBRARIES = YES;
				CODE_SIGN_STYLE = Automatic;
				DEVELOPMENT_TEAM = S5VXVGV6J3;
				INFOPLIST_FILE = MovieAppUITests/Info.plist;
				LD_RUNPATH_SEARCH_PATHS = (
					"$(inherited)",
					"@executable_path/Frameworks",
					"@loader_path/Frameworks",
				);
				PRODUCT_BUNDLE_IDENTIFIER = pedro.leda.MovieAppUITests;
				PRODUCT_NAME = "$(TARGET_NAME)";
				SWIFT_VERSION = 5.0;
				TARGETED_DEVICE_FAMILY = "1,2";
				TEST_TARGET_NAME = MovieApp;
			};
			name = Debug;
		};
		E4BA1C5F265CA07B00487968 /* Release */ = {
			isa = XCBuildConfiguration;
			buildSettings = {
				ALWAYS_EMBED_SWIFT_STANDARD_LIBRARIES = YES;
				CODE_SIGN_STYLE = Automatic;
				DEVELOPMENT_TEAM = S5VXVGV6J3;
				INFOPLIST_FILE = MovieAppUITests/Info.plist;
				LD_RUNPATH_SEARCH_PATHS = (
					"$(inherited)",
					"@executable_path/Frameworks",
					"@loader_path/Frameworks",
				);
				PRODUCT_BUNDLE_IDENTIFIER = pedro.leda.MovieAppUITests;
				PRODUCT_NAME = "$(TARGET_NAME)";
				SWIFT_VERSION = 5.0;
				TARGETED_DEVICE_FAMILY = "1,2";
				TEST_TARGET_NAME = MovieApp;
			};
			name = Release;
		};
/* End XCBuildConfiguration section */

/* Begin XCConfigurationList section */
		E4BA1C2D265CA06900487968 /* Build configuration list for PBXProject "MovieApp" */ = {
			isa = XCConfigurationList;
			buildConfigurations = (
				E4BA1C55265CA07B00487968 /* Debug */,
				E4BA1C56265CA07B00487968 /* Release */,
			);
			defaultConfigurationIsVisible = 0;
			defaultConfigurationName = Release;
		};
		E4BA1C57265CA07B00487968 /* Build configuration list for PBXNativeTarget "MovieApp" */ = {
			isa = XCConfigurationList;
			buildConfigurations = (
				E4BA1C58265CA07B00487968 /* Debug */,
				E4BA1C59265CA07B00487968 /* Release */,
			);
			defaultConfigurationIsVisible = 0;
			defaultConfigurationName = Release;
		};
		E4BA1C5A265CA07B00487968 /* Build configuration list for PBXNativeTarget "MovieAppTests" */ = {
			isa = XCConfigurationList;
			buildConfigurations = (
				E4BA1C5B265CA07B00487968 /* Debug */,
				E4BA1C5C265CA07B00487968 /* Release */,
			);
			defaultConfigurationIsVisible = 0;
			defaultConfigurationName = Release;
		};
		E4BA1C5D265CA07B00487968 /* Build configuration list for PBXNativeTarget "MovieAppUITests" */ = {
			isa = XCConfigurationList;
			buildConfigurations = (
				E4BA1C5E265CA07B00487968 /* Debug */,
				E4BA1C5F265CA07B00487968 /* Release */,
			);
			defaultConfigurationIsVisible = 0;
			defaultConfigurationName = Release;
		};
/* End XCConfigurationList section */
	};
	rootObject = E4BA1C2A265CA06900487968 /* Project object */;
}
